
Microsoft Visual Studio Solution File, Format Version 12.00
# Visual Studio 15
VisualStudioVersion = 15.0.28307.1145
MinimumVisualStudioVersion = 10.0.40219.1
Project("{FAE04EC0-301F-11D3-BF4B-00C04F79EFBC}") = "MyLeetcode", "MyLeetcode\MyLeetcode.csproj", "{491FB774-95C8-45F2-A406-C82866E89945}"
EndProject
Global
	GlobalSection(SolutionConfigurationPlatforms) = preSolution
		Debug|Any CPU = Debug|Any CPU
		Release|Any CPU = Release|Any CPU
	EndGlobalSection
	GlobalSection(ProjectConfigurationPlatforms) = postSolution
		{491FB774-95C8-45F2-A406-C82866E89945}.Debug|Any CPU.ActiveCfg = Debug|Any CPU
		{491FB774-95C8-45F2-A406-C82866E89945}.Debug|Any CPU.Build.0 = Debug|Any CPU
		{491FB774-95C8-45F2-A406-C82866E89945}.Release|Any CPU.ActiveCfg = Release|Any CPU
		{491FB774-95C8-45F2-A406-C82866E89945}.Release|Any CPU.Build.0 = Release|Any CPU
	EndGlobalSection
	GlobalSection(SolutionProperties) = preSolution
		HideSolutionNode = FALSE
	EndGlobalSection
	GlobalSection(ExtensibilityGlobals) = postSolution
		SolutionGuid = {A165DF8A-B47F-4628-B082-B8976B551EF5}
	EndGlobalSection
EndGlobal
